
Microsoft Visual Studio Solution File, Format Version 12.00
# Visual Studio Version 17
VisualStudioVersion = 17.8.34511.84
MinimumVisualStudioVersion = 10.0.40219.1
Project("{FAE04EC0-301F-11D3-BF4B-00C04F79EFBC}") = "BikeStore", "BikeStore\BikeStore.csproj", "{05AFE685-2239-4BC8-A7E1-3BD9AFE439CC}"
EndProject
Global
	GlobalSection(SolutionConfigurationPlatforms) = preSolution
		Debug|Any CPU = Debug|Any CPU
		Release|Any CPU = Release|Any CPU
	EndGlobalSection
	GlobalSection(ProjectConfigurationPlatforms) = postSolution
		{05AFE685-2239-4BC8-A7E1-3BD9AFE439CC}.Debug|Any CPU.ActiveCfg = Debug|Any CPU
		{05AFE685-2239-4BC8-A7E1-3BD9AFE439CC}.Debug|Any CPU.Build.0 = Debug|Any CPU
		{05AFE685-2239-4BC8-A7E1-3BD9AFE439CC}.Release|Any CPU.ActiveCfg = Release|Any CPU
		{05AFE685-2239-4BC8-A7E1-3BD9AFE439CC}.Release|Any CPU.Build.0 = Release|Any CPU
	EndGlobalSection
	GlobalSection(SolutionProperties) = preSolution
		HideSolutionNode = FALSE
	EndGlobalSection
	GlobalSection(ExtensibilityGlobals) = postSolution
		SolutionGuid = {A8873A54-4555-4CEF-95FD-1C7219389FD1}
	EndGlobalSection
EndGlobal
