
Microsoft Visual Studio Solution File, Format Version 12.00
# Visual Studio Version 17
VisualStudioVersion = 17.8.34511.84
MinimumVisualStudioVersion = 10.0.40219.1
Project("{9A19103F-16F7-4668-BE54-9A1E7A4F7556}") = "CAStack", "CAStack\CAStack.csproj", "{F043617D-8929-497A-BEF3-75FF0F7D11A7}"
EndProject
Project("{FAE04EC0-301F-11D3-BF4B-00C04F79EFBC}") = "CAQueue", "CAQueue\CAQueue.csproj", "{CAC0E6DA-D3CF-4135-9B62-B69EC3F2A32F}"
EndProject
Global
	GlobalSection(SolutionConfigurationPlatforms) = preSolution
		Debug|Any CPU = Debug|Any CPU
		Release|Any CPU = Release|Any CPU
	EndGlobalSection
	GlobalSection(ProjectConfigurationPlatforms) = postSolution
		{F043617D-8929-497A-BEF3-75FF0F7D11A7}.Debug|Any CPU.ActiveCfg = Debug|Any CPU
		{F043617D-8929-497A-BEF3-75FF0F7D11A7}.Debug|Any CPU.Build.0 = Debug|Any CPU
		{F043617D-8929-497A-BEF3-75FF0F7D11A7}.Release|Any CPU.ActiveCfg = Release|Any CPU
		{F043617D-8929-497A-BEF3-75FF0F7D11A7}.Release|Any CPU.Build.0 = Release|Any CPU
		{CAC0E6DA-D3CF-4135-9B62-B69EC3F2A32F}.Debug|Any CPU.ActiveCfg = Debug|Any CPU
		{CAC0E6DA-D3CF-4135-9B62-B69EC3F2A32F}.Debug|Any CPU.Build.0 = Debug|Any CPU
		{CAC0E6DA-D3CF-4135-9B62-B69EC3F2A32F}.Release|Any CPU.ActiveCfg = Release|Any CPU
		{CAC0E6DA-D3CF-4135-9B62-B69EC3F2A32F}.Release|Any CPU.Build.0 = Release|Any CPU
	EndGlobalSection
	GlobalSection(SolutionProperties) = preSolution
		HideSolutionNode = FALSE
	EndGlobalSection
	GlobalSection(ExtensibilityGlobals) = postSolution
		SolutionGuid = {F7FED048-70D8-4F43-A8BA-A3021C9E6B8E}
	EndGlobalSection
EndGlobal
