
Microsoft Visual Studio Solution File, Format Version 12.00
# Visual Studio Version 17
VisualStudioVersion = 17.8.34511.84
MinimumVisualStudioVersion = 10.0.40219.1
Project("{FAE04EC0-301F-11D3-BF4B-00C04F79EFBC}") = "HackerRank", "HackerRank\HackerRank.csproj", "{CF10152F-67B2-44FB-9A75-04B2D8D732D3}"
EndProject
Global
	GlobalSection(SolutionConfigurationPlatforms) = preSolution
		Debug|Any CPU = Debug|Any CPU
		Release|Any CPU = Release|Any CPU
	EndGlobalSection
	GlobalSection(ProjectConfigurationPlatforms) = postSolution
		{CF10152F-67B2-44FB-9A75-04B2D8D732D3}.Debug|Any CPU.ActiveCfg = Debug|Any CPU
		{CF10152F-67B2-44FB-9A75-04B2D8D732D3}.Debug|Any CPU.Build.0 = Debug|Any CPU
		{CF10152F-67B2-44FB-9A75-04B2D8D732D3}.Release|Any CPU.ActiveCfg = Release|Any CPU
		{CF10152F-67B2-44FB-9A75-04B2D8D732D3}.Release|Any CPU.Build.0 = Release|Any CPU
	EndGlobalSection
	GlobalSection(SolutionProperties) = preSolution
		HideSolutionNode = FALSE
	EndGlobalSection
	GlobalSection(ExtensibilityGlobals) = postSolution
		SolutionGuid = {C74A01A0-8094-4588-88FE-4A8A02A33B83}
	EndGlobalSection
EndGlobal
