
Microsoft Visual Studio Solution File, Format Version 12.00
# Visual Studio Version 17
VisualStudioVersion = 17.8.34511.84
MinimumVisualStudioVersion = 10.0.40219.1
Project("{FAE04EC0-301F-11D3-BF4B-00C04F79EFBC}") = "TaskOne", "TaskOne\TaskOne.csproj", "{32E39593-CA0A-419A-AA14-CFA22B56EAB2}"
EndProject
Project("{FAE04EC0-301F-11D3-BF4B-00C04F79EFBC}") = "TaskTow", "TaskTow\TaskTow.csproj", "{EFA8DFFA-2CA2-4B5D-A9E8-217CA68F16D8}"
EndProject
Global
	GlobalSection(SolutionConfigurationPlatforms) = preSolution
		Debug|Any CPU = Debug|Any CPU
		Release|Any CPU = Release|Any CPU
	EndGlobalSection
	GlobalSection(ProjectConfigurationPlatforms) = postSolution
		{32E39593-CA0A-419A-AA14-CFA22B56EAB2}.Debug|Any CPU.ActiveCfg = Debug|Any CPU
		{32E39593-CA0A-419A-AA14-CFA22B56EAB2}.Debug|Any CPU.Build.0 = Debug|Any CPU
		{32E39593-CA0A-419A-AA14-CFA22B56EAB2}.Release|Any CPU.ActiveCfg = Release|Any CPU
		{32E39593-CA0A-419A-AA14-CFA22B56EAB2}.Release|Any CPU.Build.0 = Release|Any CPU
		{EFA8DFFA-2CA2-4B5D-A9E8-217CA68F16D8}.Debug|Any CPU.ActiveCfg = Debug|Any CPU
		{EFA8DFFA-2CA2-4B5D-A9E8-217CA68F16D8}.Debug|Any CPU.Build.0 = Debug|Any CPU
		{EFA8DFFA-2CA2-4B5D-A9E8-217CA68F16D8}.Release|Any CPU.ActiveCfg = Release|Any CPU
		{EFA8DFFA-2CA2-4B5D-A9E8-217CA68F16D8}.Release|Any CPU.Build.0 = Release|Any CPU
	EndGlobalSection
	GlobalSection(SolutionProperties) = preSolution
		HideSolutionNode = FALSE
	EndGlobalSection
	GlobalSection(ExtensibilityGlobals) = postSolution
		SolutionGuid = {2EEA4DC3-4FD6-4FA6-96AD-DB5AA50DF893}
	EndGlobalSection
EndGlobal
